// !$*UTF8*$!
{
	archiveVersion = 1;
	classes = {
	};
	objectVersion = 46;
	objects = {

/* Begin PBXBuildFile section */
		C53862401A89536800A00FD7 /* main.m in Sources */ = {isa = PBXBuildFile; fileRef = C538623F1A89536800A00FD7 /* main.m */; };
		C53862431A89536800A00FD7 /* AppDelegate.m in Sources */ = {isa = PBXBuildFile; fileRef = C53862421A89536800A00FD7 /* AppDelegate.m */; };
		C53862461A89536800A00FD7 /* ViewController.m in Sources */ = {isa = PBXBuildFile; fileRef = C53862451A89536800A00FD7 /* ViewController.m */; };
		C53862491A89536800A00FD7 /* Main.storyboard in Resources */ = {isa = PBXBuildFile; fileRef = C53862471A89536800A00FD7 /* Main.storyboard */; };
		C538624B1A89536800A00FD7 /* Images.xcassets in Resources */ = {isa = PBXBuildFile; fileRef = C538624A1A89536800A00FD7 /* Images.xcassets */; };
		C538624E1A89536800A00FD7 /* LaunchScreen.xib in Resources */ = {isa = PBXBuildFile; fileRef = C538624C1A89536800A00FD7 /* LaunchScreen.xib */; };
		C538625A1A89536800A00FD7 /* MemoryGameTests.m in Sources */ = {isa = PBXBuildFile; fileRef = C53862591A89536800A00FD7 /* MemoryGameTests.m */; };
		C53862841A89542700A00FD7 /* MemoryGame_120.png in Resources */ = {isa = PBXBuildFile; fileRef = C53862651A89542700A00FD7 /* MemoryGame_120.png */; };
		C53862851A89542700A00FD7 /* MemoryGame_58.png in Resources */ = {isa = PBXBuildFile; fileRef = C53862661A89542700A00FD7 /* MemoryGame_58.png */; };
		C53862861A89542700A00FD7 /* MemoryGame_80.png in Resources */ = {isa = PBXBuildFile; fileRef = C53862671A89542700A00FD7 /* MemoryGame_80.png */; };
		C53862871A89542700A00FD7 /* backdrop.png in Resources */ = {isa = PBXBuildFile; fileRef = C53862691A89542700A00FD7 /* backdrop.png */; };
		C53862881A89542700A00FD7 /* back.png in Resources */ = {isa = PBXBuildFile; fileRef = C538626B1A89542700A00FD7 /* back.png */; };
		C53862891A89542700A00FD7 /* blank.png in Resources */ = {isa = PBXBuildFile; fileRef = C538626C1A89542700A00FD7 /* blank.png */; };
		C538628A1A89542700A00FD7 /* icons01.png in Resources */ = {isa = PBXBuildFile; fileRef = C538626D1A89542700A00FD7 /* icons01.png */; };
		C538628B1A89542700A00FD7 /* icons02.png in Resources */ = {isa = PBXBuildFile; fileRef = C538626E1A89542700A00FD7 /* icons02.png */; };
		C538628C1A89542700A00FD7 /* icons03.png in Resources */ = {isa = PBXBuildFile; fileRef = C538626F1A89542700A00FD7 /* icons03.png */; };
		C538628D1A89542700A00FD7 /* icons04.png in Resources */ = {isa = PBXBuildFile; fileRef = C53862701A89542700A00FD7 /* icons04.png */; };
		C538628E1A89542700A00FD7 /* icons05.png in Resources */ = {isa = PBXBuildFile; fileRef = C53862711A89542700A00FD7 /* icons05.png */; };
		C538628F1A89542700A00FD7 /* icons06.png in Resources */ = {isa = PBXBuildFile; fileRef = C53862721A89542700A00FD7 /* icons06.png */; };
		C53862901A89542700A00FD7 /* icons07.png in Resources */ = {isa = PBXBuildFile; fileRef = C53862731A89542700A00FD7 /* icons07.png */; };
		C53862911A89542700A00FD7 /* icons08.png in Resources */ = {isa = PBXBuildFile; fileRef = C53862741A89542700A00FD7 /* icons08.png */; };
		C53862921A89542700A00FD7 /* icons09.png in Resources */ = {isa = PBXBuildFile; fileRef = C53862751A89542700A00FD7 /* icons09.png */; };
		C53862931A89542700A00FD7 /* icons10.png in Resources */ = {isa = PBXBuildFile; fileRef = C53862761A89542700A00FD7 /* icons10.png */; };
		C53862941A89542700A00FD7 /* icons11.png in Resources */ = {isa = PBXBuildFile; fileRef = C53862771A89542700A00FD7 /* icons11.png */; };
		C53862951A89542700A00FD7 /* icons12.png in Resources */ = {isa = PBXBuildFile; fileRef = C53862781A89542700A00FD7 /* icons12.png */; };
		C53862961A89542700A00FD7 /* icons13.png in Resources */ = {isa = PBXBuildFile; fileRef = C53862791A89542700A00FD7 /* icons13.png */; };
		C53862971A89542700A00FD7 /* icons14.png in Resources */ = {isa = PBXBuildFile; fileRef = C538627A1A89542700A00FD7 /* icons14.png */; };
		C53862981A89542700A00FD7 /* icons15.png in Resources */ = {isa = PBXBuildFile; fileRef = C538627B1A89542700A00FD7 /* icons15.png */; };
		C53862991A89542700A00FD7 /* icons16.png in Resources */ = {isa = PBXBuildFile; fileRef = C538627C1A89542700A00FD7 /* icons16.png */; };
		C538629A1A89542700A00FD7 /* icons17.png in Resources */ = {isa = PBXBuildFile; fileRef = C538627D1A89542700A00FD7 /* icons17.png */; };
		C538629B1A89542700A00FD7 /* icons18.png in Resources */ = {isa = PBXBuildFile; fileRef = C538627E1A89542700A00FD7 /* icons18.png */; };
		C538629C1A89542700A00FD7 /* icons19.png in Resources */ = {isa = PBXBuildFile; fileRef = C538627F1A89542700A00FD7 /* icons19.png */; };
		C538629D1A89542700A00FD7 /* icons20.png in Resources */ = {isa = PBXBuildFile; fileRef = C53862801A89542700A00FD7 /* icons20.png */; };
		C538629E1A89542700A00FD7 /* LI_01.png in Resources */ = {isa = PBXBuildFile; fileRef = C53862821A89542700A00FD7 /* LI_01.png */; };
		C538629F1A89542700A00FD7 /* LI_02.png in Resources */ = {isa = PBXBuildFile; fileRef = C53862831A89542700A00FD7 /* LI_02.png */; };
		C5CAA6CB1A8B91B2008E9931 /* GameSceneViewController.m in Sources */ = {isa = PBXBuildFile; fileRef = C5CAA6CA1A8B91B2008E9931 /* GameSceneViewController.m */; };
/* End PBXBuildFile section */

/* Begin PBXContainerItemProxy section */
		C53862541A89536800A00FD7 /* PBXContainerItemProxy */ = {
			isa = PBXContainerItemProxy;
			containerPortal = C53862321A89536800A00FD7 /* Project object */;
			proxyType = 1;
			remoteGlobalIDString = C53862391A89536800A00FD7;
			remoteInfo = MemoryGame;
		};
/* End PBXContainerItemProxy section */

/* Begin PBXFileReference section */
		C538623A1A89536800A00FD7 /* MemoryGame.app */ = {isa = PBXFileReference; explicitFileType = wrapper.application; includeInIndex = 0; path = MemoryGame.app; sourceTree = BUILT_PRODUCTS_DIR; };
		C538623E1A89536800A00FD7 /* Info.plist */ = {isa = PBXFileReference; lastKnownFileType = text.plist.xml; path = Info.plist; sourceTree = "<group>"; };
		C538623F1A89536800A00FD7 /* main.m */ = {isa = PBXFileReference; lastKnownFileType = sourcecode.c.objc; path = main.m; sourceTree = "<group>"; };
		C53862411A89536800A00FD7 /* AppDelegate.h */ = {isa = PBXFileReference; lastKnownFileType = sourcecode.c.h; path = AppDelegate.h; sourceTree = "<group>"; };
		C53862421A89536800A00FD7 /* AppDelegate.m */ = {isa = PBXFileReference; lastKnownFileType = sourcecode.c.objc; path = AppDelegate.m; sourceTree = "<group>"; };
		C53862441A89536800A00FD7 /* ViewController.h */ = {isa = PBXFileReference; lastKnownFileType = sourcecode.c.h; path = ViewController.h; sourceTree = "<group>"; };
		C53862451A89536800A00FD7 /* ViewController.m */ = {isa = PBXFileReference; lastKnownFileType = sourcecode.c.objc; path = ViewController.m; sourceTree = "<group>"; };
		C53862481A89536800A00FD7 /* Base */ = {isa = PBXFileReference; lastKnownFileType = file.storyboard; name = Base; path = Base.lproj/Main.storyboard; sourceTree = "<group>"; };
		C538624A1A89536800A00FD7 /* Images.xcassets */ = {isa = PBXFileReference; lastKnownFileType = folder.assetcatalog; path = Images.xcassets; sourceTree = "<group>"; };
		C538624D1A89536800A00FD7 /* Base */ = {isa = PBXFileReference; lastKnownFileType = file.xib; name = Base; path = Base.lproj/LaunchScreen.xib; sourceTree = "<group>"; };
		C53862531A89536800A00FD7 /* MemoryGameTests.xctest */ = {isa = PBXFileReference; explicitFileType = wrapper.cfbundle; includeInIndex = 0; path = MemoryGameTests.xctest; sourceTree = BUILT_PRODUCTS_DIR; };
		C53862581A89536800A00FD7 /* Info.plist */ = {isa = PBXFileReference; lastKnownFileType = text.plist.xml; path = Info.plist; sourceTree = "<group>"; };
		C53862591A89536800A00FD7 /* MemoryGameTests.m */ = {isa = PBXFileReference; lastKnownFileType = sourcecode.c.objc; path = MemoryGameTests.m; sourceTree = "<group>"; };
		C53862651A89542700A00FD7 /* MemoryGame_120.png */ = {isa = PBXFileReference; lastKnownFileType = image.png; path = MemoryGame_120.png; sourceTree = "<group>"; };
		C53862661A89542700A00FD7 /* MemoryGame_58.png */ = {isa = PBXFileReference; lastKnownFileType = image.png; path = MemoryGame_58.png; sourceTree = "<group>"; };
		C53862671A89542700A00FD7 /* MemoryGame_80.png */ = {isa = PBXFileReference; lastKnownFileType = image.png; path = MemoryGame_80.png; sourceTree = "<group>"; };
		C53862691A89542700A00FD7 /* backdrop.png */ = {isa = PBXFileReference; lastKnownFileType = image.png; path = backdrop.png; sourceTree = "<group>"; };
		C538626B1A89542700A00FD7 /* back.png */ = {isa = PBXFileReference; lastKnownFileType = image.png; path = back.png; sourceTree = "<group>"; };
		C538626C1A89542700A00FD7 /* blank.png */ = {isa = PBXFileReference; lastKnownFileType = image.png; path = blank.png; sourceTree = "<group>"; };
		C538626D1A89542700A00FD7 /* icons01.png */ = {isa = PBXFileReference; lastKnownFileType = image.png; path = icons01.png; sourceTree = "<group>"; };
		C538626E1A89542700A00FD7 /* icons02.png */ = {isa = PBXFileReference; lastKnownFileType = image.png; path = icons02.png; sourceTree = "<group>"; };
		C538626F1A89542700A00FD7 /* icons03.png */ = {isa = PBXFileReference; lastKnownFileType = image.png; path = icons03.png; sourceTree = "<group>"; };
		C53862701A89542700A00FD7 /* icons04.png */ = {isa = PBXFileReference; lastKnownFileType = image.png; path = icons04.png; sourceTree = "<group>"; };
		C53862711A89542700A00FD7 /* icons05.png */ = {isa = PBXFileReference; lastKnownFileType = image.png; path = icons05.png; sourceTree = "<group>"; };
		C53862721A89542700A00FD7 /* icons06.png */ = {isa = PBXFileReference; lastKnownFileType = image.png; path = icons06.png; sourceTree = "<group>"; };
		C53862731A89542700A00FD7 /* icons07.png */ = {isa = PBXFileReference; lastKnownFileType = image.png; path = icons07.png; sourceTree = "<group>"; };
		C53862741A89542700A00FD7 /* icons08.png */ = {isa = PBXFileReference; lastKnownFileType = image.png; path = icons08.png; sourceTree = "<group>"; };
		C53862751A89542700A00FD7 /* icons09.png */ = {isa = PBXFileReference; lastKnownFileType = image.png; path = icons09.png; sourceTree = "<group>"; };
		C53862761A89542700A00FD7 /* icons10.png */ = {isa = PBXFileReference; lastKnownFileType = image.png; path = icons10.png; sourceTree = "<group>"; };
		C53862771A89542700A00FD7 /* icons11.png */ = {isa = PBXFileReference; lastKnownFileType = image.png; path = icons11.png; sourceTree = "<group>"; };
		C53862781A89542700A00FD7 /* icons12.png */ = {isa = PBXFileReference; lastKnownFileType = image.png; path = icons12.png; sourceTree = "<group>"; };
		C53862791A89542700A00FD7 /* icons13.png */ = {isa = PBXFileReference; lastKnownFileType = image.png; path = icons13.png; sourceTree = "<group>"; };
		C538627A1A89542700A00FD7 /* icons14.png */ = {isa = PBXFileReference; lastKnownFileType = image.png; path = icons14.png; sourceTree = "<group>"; };
		C538627B1A89542700A00FD7 /* icons15.png */ = {isa = PBXFileReference; lastKnownFileType = image.png; path = icons15.png; sourceTree = "<group>"; };
		C538627C1A89542700A00FD7 /* icons16.png */ = {isa = PBXFileReference; lastKnownFileType = image.png; path = icons16.png; sourceTree = "<group>"; };
		C538627D1A89542700A00FD7 /* icons17.png */ = {isa = PBXFileReference; lastKnownFileType = image.png; path = icons17.png; sourceTree = "<group>"; };
		C538627E1A89542700A00FD7 /* icons18.png */ = {isa = PBXFileReference; lastKnownFileType = image.png; path = icons18.png; sourceTree = "<group>"; };
		C538627F1A89542700A00FD7 /* icons19.png */ = {isa = PBXFileReference; lastKnownFileType = image.png; path = icons19.png; sourceTree = "<group>"; };
		C53862801A89542700A00FD7 /* icons20.png */ = {isa = PBXFileReference; lastKnownFileType = image.png; path = icons20.png; sourceTree = "<group>"; };
		C53862821A89542700A00FD7 /* LI_01.png */ = {isa = PBXFileReference; lastKnownFileType = image.png; path = LI_01.png; sourceTree = "<group>"; };
		C53862831A89542700A00FD7 /* LI_02.png */ = {isa = PBXFileReference; lastKnownFileType = image.png; path = LI_02.png; sourceTree = "<group>"; };
		C5CAA6C91A8B91B2008E9931 /* GameSceneViewController.h */ = {isa = PBXFileReference; fileEncoding = 4; lastKnownFileType = sourcecode.c.h; path = GameSceneViewController.h; sourceTree = "<group>"; };
		C5CAA6CA1A8B91B2008E9931 /* GameSceneViewController.m */ = {isa = PBXFileReference; fileEncoding = 4; lastKnownFileType = sourcecode.c.objc; path = GameSceneViewController.m; sourceTree = "<group>"; };
/* End PBXFileReference section */

/* Begin PBXFrameworksBuildPhase section */
		C53862371A89536800A00FD7 /* Frameworks */ = {
			isa = PBXFrameworksBuildPhase;
			buildActionMask = 2147483647;
			files = (
			);
			runOnlyForDeploymentPostprocessing = 0;
		};
		C53862501A89536800A00FD7 /* Frameworks */ = {
			isa = PBXFrameworksBuildPhase;
			buildActionMask = 2147483647;
			files = (
			);
			runOnlyForDeploymentPostprocessing = 0;
		};
/* End PBXFrameworksBuildPhase section */

/* Begin PBXGroup section */
		C53862311A89536800A00FD7 = {
			isa = PBXGroup;
			children = (
				C538623C1A89536800A00FD7 /* MemoryGame */,
				C53862561A89536800A00FD7 /* MemoryGameTests */,
				C538623B1A89536800A00FD7 /* Products */,
			);
			sourceTree = "<group>";
		};
		C538623B1A89536800A00FD7 /* Products */ = {
			isa = PBXGroup;
			children = (
				C538623A1A89536800A00FD7 /* MemoryGame.app */,
				C53862531A89536800A00FD7 /* MemoryGameTests.xctest */,
			);
			name = Products;
			sourceTree = "<group>";
		};
		C538623C1A89536800A00FD7 /* MemoryGame */ = {
			isa = PBXGroup;
			children = (
				C5CAA6C81A8B91B2008E9931 /* Classes */,
				C53862631A89542700A00FD7 /* Resources */,
				C53862411A89536800A00FD7 /* AppDelegate.h */,
				C53862421A89536800A00FD7 /* AppDelegate.m */,
				C53862441A89536800A00FD7 /* ViewController.h */,
				C53862451A89536800A00FD7 /* ViewController.m */,
				C53862471A89536800A00FD7 /* Main.storyboard */,
				C538624A1A89536800A00FD7 /* Images.xcassets */,
				C538624C1A89536800A00FD7 /* LaunchScreen.xib */,
				C538623D1A89536800A00FD7 /* Supporting Files */,
			);
			path = MemoryGame;
			sourceTree = "<group>";
		};
		C538623D1A89536800A00FD7 /* Supporting Files */ = {
			isa = PBXGroup;
			children = (
				C538623E1A89536800A00FD7 /* Info.plist */,
				C538623F1A89536800A00FD7 /* main.m */,
			);
			name = "Supporting Files";
			sourceTree = "<group>";
		};
		C53862561A89536800A00FD7 /* MemoryGameTests */ = {
			isa = PBXGroup;
			children = (
				C53862591A89536800A00FD7 /* MemoryGameTests.m */,
				C53862571A89536800A00FD7 /* Supporting Files */,
			);
			path = MemoryGameTests;
			sourceTree = "<group>";
		};
		C53862571A89536800A00FD7 /* Supporting Files */ = {
			isa = PBXGroup;
			children = (
				C53862581A89536800A00FD7 /* Info.plist */,
			);
			name = "Supporting Files";
			sourceTree = "<group>";
		};
		C53862631A89542700A00FD7 /* Resources */ = {
			isa = PBXGroup;
			children = (
				C53862641A89542700A00FD7 /* icons */,
				C53862681A89542700A00FD7 /* images */,
				C53862811A89542700A00FD7 /* launchImages */,
			);
			path = Resources;
			sourceTree = "<group>";
		};
		C53862641A89542700A00FD7 /* icons */ = {
			isa = PBXGroup;
			children = (
				C53862651A89542700A00FD7 /* MemoryGame_120.png */,
				C53862661A89542700A00FD7 /* MemoryGame_58.png */,
				C53862671A89542700A00FD7 /* MemoryGame_80.png */,
			);
			path = icons;
			sourceTree = "<group>";
		};
		C53862681A89542700A00FD7 /* images */ = {
			isa = PBXGroup;
			children = (
				C53862691A89542700A00FD7 /* backdrop.png */,
				C538626A1A89542700A00FD7 /* tiles */,
			);
			path = images;
			sourceTree = "<group>";
		};
		C538626A1A89542700A00FD7 /* tiles */ = {
			isa = PBXGroup;
			children = (
				C538626B1A89542700A00FD7 /* back.png */,
				C538626C1A89542700A00FD7 /* blank.png */,
				C538626D1A89542700A00FD7 /* icons01.png */,
				C538626E1A89542700A00FD7 /* icons02.png */,
				C538626F1A89542700A00FD7 /* icons03.png */,
				C53862701A89542700A00FD7 /* icons04.png */,
				C53862711A89542700A00FD7 /* icons05.png */,
				C53862721A89542700A00FD7 /* icons06.png */,
				C53862731A89542700A00FD7 /* icons07.png */,
				C53862741A89542700A00FD7 /* icons08.png */,
				C53862751A89542700A00FD7 /* icons09.png */,
				C53862761A89542700A00FD7 /* icons10.png */,
				C53862771A89542700A00FD7 /* icons11.png */,
				C53862781A89542700A00FD7 /* icons12.png */,
				C53862791A89542700A00FD7 /* icons13.png */,
				C538627A1A89542700A00FD7 /* icons14.png */,
				C538627B1A89542700A00FD7 /* icons15.png */,
				C538627C1A89542700A00FD7 /* icons16.png */,
				C538627D1A89542700A00FD7 /* icons17.png */,
				C538627E1A89542700A00FD7 /* icons18.png */,
				C538627F1A89542700A00FD7 /* icons19.png */,
				C53862801A89542700A00FD7 /* icons20.png */,
			);
			path = tiles;
			sourceTree = "<group>";
		};
		C53862811A89542700A00FD7 /* launchImages */ = {
			isa = PBXGroup;
			children = (
				C53862821A89542700A00FD7 /* LI_01.png */,
				C53862831A89542700A00FD7 /* LI_02.png */,
			);
			path = launchImages;
			sourceTree = "<group>";
		};
		C5CAA6C81A8B91B2008E9931 /* Classes */ = {
			isa = PBXGroup;
			children = (
				C5CAA6C91A8B91B2008E9931 /* GameSceneViewController.h */,
				C5CAA6CA1A8B91B2008E9931 /* GameSceneViewController.m */,
			);
			path = Classes;
			sourceTree = "<group>";
		};
/* End PBXGroup section */

/* Begin PBXNativeTarget section */
		C53862391A89536800A00FD7 /* MemoryGame */ = {
			isa = PBXNativeTarget;
			buildConfigurationList = C538625D1A89536800A00FD7 /* Build configuration list for PBXNativeTarget "MemoryGame" */;
			buildPhases = (
				C53862361A89536800A00FD7 /* Sources */,
				C53862371A89536800A00FD7 /* Frameworks */,
				C53862381A89536800A00FD7 /* Resources */,
			);
			buildRules = (
			);
			dependencies = (
			);
			name = MemoryGame;
			productName = MemoryGame;
			productReference = C538623A1A89536800A00FD7 /* MemoryGame.app */;
			productType = "com.apple.product-type.application";
		};
		C53862521A89536800A00FD7 /* MemoryGameTests */ = {
			isa = PBXNativeTarget;
			buildConfigurationList = C53862601A89536800A00FD7 /* Build configuration list for PBXNativeTarget "MemoryGameTests" */;
			buildPhases = (
				C538624F1A89536800A00FD7 /* Sources */,
				C53862501A89536800A00FD7 /* Frameworks */,
				C53862511A89536800A00FD7 /* Resources */,
			);
			buildRules = (
			);
			dependencies = (
				C53862551A89536800A00FD7 /* PBXTargetDependency */,
			);
			name = MemoryGameTests;
			productName = MemoryGameTests;
			productReference = C53862531A89536800A00FD7 /* MemoryGameTests.xctest */;
			productType = "com.apple.product-type.bundle.unit-test";
		};
/* End PBXNativeTarget section */

/* Begin PBXProject section */
		C53862321A89536800A00FD7 /* Project object */ = {
			isa = PBXProject;
			attributes = {
				LastUpgradeCheck = 0610;
				ORGANIZATIONNAME = "Markku Åkerfelt";
				TargetAttributes = {
					C53862391A89536800A00FD7 = {
						CreatedOnToolsVersion = 6.1.1;
					};
					C53862521A89536800A00FD7 = {
						CreatedOnToolsVersion = 6.1.1;
						TestTargetID = C53862391A89536800A00FD7;
					};
				};
			};
			buildConfigurationList = C53862351A89536800A00FD7 /* Build configuration list for PBXProject "MemoryGame" */;
			compatibilityVersion = "Xcode 3.2";
			developmentRegion = English;
			hasScannedForEncodings = 0;
			knownRegions = (
				en,
				Base,
			);
			mainGroup = C53862311A89536800A00FD7;
			productRefGroup = C538623B1A89536800A00FD7 /* Products */;
			projectDirPath = "";
			projectRoot = "";
			targets = (
				C53862391A89536800A00FD7 /* MemoryGame */,
				C53862521A89536800A00FD7 /* MemoryGameTests */,
			);
		};
/* End PBXProject section */

/* Begin PBXResourcesBuildPhase section */
		C53862381A89536800A00FD7 /* Resources */ = {
			isa = PBXResourcesBuildPhase;
			buildActionMask = 2147483647;
			files = (
				C53862981A89542700A00FD7 /* icons15.png in Resources */,
				C53862851A89542700A00FD7 /* MemoryGame_58.png in Resources */,
				C53862911A89542700A00FD7 /* icons08.png in Resources */,
				C538629B1A89542700A00FD7 /* icons18.png in Resources */,
				C538629D1A89542700A00FD7 /* icons20.png in Resources */,
				C53862901A89542700A00FD7 /* icons07.png in Resources */,
				C53862491A89536800A00FD7 /* Main.storyboard in Resources */,
				C538629E1A89542700A00FD7 /* LI_01.png in Resources */,
				C53862891A89542700A00FD7 /* blank.png in Resources */,
				C538628F1A89542700A00FD7 /* icons06.png in Resources */,
				C538629F1A89542700A00FD7 /* LI_02.png in Resources */,
				C538628A1A89542700A00FD7 /* icons01.png in Resources */,
				C538629A1A89542700A00FD7 /* icons17.png in Resources */,
				C538624E1A89536800A00FD7 /* LaunchScreen.xib in Resources */,
				C53862841A89542700A00FD7 /* MemoryGame_120.png in Resources */,
				C538629C1A89542700A00FD7 /* icons19.png in Resources */,
				C53862881A89542700A00FD7 /* back.png in Resources */,
				C53862961A89542700A00FD7 /* icons13.png in Resources */,
				C53862861A89542700A00FD7 /* MemoryGame_80.png in Resources */,
				C538628D1A89542700A00FD7 /* icons04.png in Resources */,
				C53862951A89542700A00FD7 /* icons12.png in Resources */,
				C53862871A89542700A00FD7 /* backdrop.png in Resources */,
				C53862991A89542700A00FD7 /* icons16.png in Resources */,
				C538628C1A89542700A00FD7 /* icons03.png in Resources */,
				C538628B1A89542700A00FD7 /* icons02.png in Resources */,
				C53862931A89542700A00FD7 /* icons10.png in Resources */,
				C53862941A89542700A00FD7 /* icons11.png in Resources */,
				C53862921A89542700A00FD7 /* icons09.png in Resources */,
				C538624B1A89536800A00FD7 /* Images.xcassets in Resources */,
				C538628E1A89542700A00FD7 /* icons05.png in Resources */,
				C53862971A89542700A00FD7 /* icons14.png in Resources */,
			);
			runOnlyForDeploymentPostprocessing = 0;
		};
		C53862511A89536800A00FD7 /* Resources */ = {
			isa = PBXResourcesBuildPhase;
			buildActionMask = 2147483647;
			files = (
			);
			runOnlyForDeploymentPostprocessing = 0;
		};
/* End PBXResourcesBuildPhase section */

/* Begin PBXSourcesBuildPhase section */
		C53862361A89536800A00FD7 /* Sources */ = {
			isa = PBXSourcesBuildPhase;
			buildActionMask = 2147483647;
			files = (
				C53862461A89536800A00FD7 /* ViewController.m in Sources */,
				C53862431A89536800A00FD7 /* AppDelegate.m in Sources */,
				C53862401A89536800A00FD7 /* main.m in Sources */,
				C5CAA6CB1A8B91B2008E9931 /* GameSceneViewController.m in Sources */,
			);
			runOnlyForDeploymentPostprocessing = 0;
		};
		C538624F1A89536800A00FD7 /* Sources */ = {
			isa = PBXSourcesBuildPhase;
			buildActionMask = 2147483647;
			files = (
				C538625A1A89536800A00FD7 /* MemoryGameTests.m in Sources */,
			);
			runOnlyForDeploymentPostprocessing = 0;
		};
/* End PBXSourcesBuildPhase section */

/* Begin PBXTargetDependency section */
		C53862551A89536800A00FD7 /* PBXTargetDependency */ = {
			isa = PBXTargetDependency;
			target = C53862391A89536800A00FD7 /* MemoryGame */;
			targetProxy = C53862541A89536800A00FD7 /* PBXContainerItemProxy */;
		};
/* End PBXTargetDependency section */

/* Begin PBXVariantGroup section */
		C53862471A89536800A00FD7 /* Main.storyboard */ = {
			isa = PBXVariantGroup;
			children = (
				C53862481A89536800A00FD7 /* Base */,
			);
			name = Main.storyboard;
			sourceTree = "<group>";
		};
		C538624C1A89536800A00FD7 /* LaunchScreen.xib */ = {
			isa = PBXVariantGroup;
			children = (
				C538624D1A89536800A00FD7 /* Base */,
			);
			name = LaunchScreen.xib;
			sourceTree = "<group>";
		};
/* End PBXVariantGroup section */

/* Begin XCBuildConfiguration section */
		C538625B1A89536800A00FD7 /* Debug */ = {
			isa = XCBuildConfiguration;
			buildSettings = {
				ALWAYS_SEARCH_USER_PATHS = NO;
				CLANG_CXX_LANGUAGE_STANDARD = "gnu++0x";
				CLANG_CXX_LIBRARY = "libc++";
				CLANG_ENABLE_MODULES = YES;
				CLANG_ENABLE_OBJC_ARC = YES;
				CLANG_WARN_BOOL_CONVERSION = YES;
				CLANG_WARN_CONSTANT_CONVERSION = YES;
				CLANG_WARN_DIRECT_OBJC_ISA_USAGE = YES_ERROR;
				CLANG_WARN_EMPTY_BODY = YES;
				CLANG_WARN_ENUM_CONVERSION = YES;
				CLANG_WARN_INT_CONVERSION = YES;
				CLANG_WARN_OBJC_ROOT_CLASS = YES_ERROR;
				CLANG_WARN_UNREACHABLE_CODE = YES;
				CLANG_WARN__DUPLICATE_METHOD_MATCH = YES;
				"CODE_SIGN_IDENTITY[sdk=iphoneos*]" = "iPhone Developer";
				COPY_PHASE_STRIP = NO;
				ENABLE_STRICT_OBJC_MSGSEND = YES;
				GCC_C_LANGUAGE_STANDARD = gnu99;
				GCC_DYNAMIC_NO_PIC = NO;
				GCC_OPTIMIZATION_LEVEL = 0;
				GCC_PREPROCESSOR_DEFINITIONS = (
					"DEBUG=1",
					"$(inherited)",
				);
				GCC_SYMBOLS_PRIVATE_EXTERN = NO;
				GCC_WARN_64_TO_32_BIT_CONVERSION = YES;
				GCC_WARN_ABOUT_RETURN_TYPE = YES_ERROR;
				GCC_WARN_UNDECLARED_SELECTOR = YES;
				GCC_WARN_UNINITIALIZED_AUTOS = YES_AGGRESSIVE;
				GCC_WARN_UNUSED_FUNCTION = YES;
				GCC_WARN_UNUSED_VARIABLE = YES;
				IPHONEOS_DEPLOYMENT_TARGET = 8.1;
				MTL_ENABLE_DEBUG_INFO = YES;
				ONLY_ACTIVE_ARCH = YES;
				SDKROOT = iphoneos;
				TARGETED_DEVICE_FAMILY = "1,2";
			};
			name = Debug;
		};
		C538625C1A89536800A00FD7 /* Release */ = {
			isa = XCBuildConfiguration;
			buildSettings = {
				ALWAYS_SEARCH_USER_PATHS = NO;
				CLANG_CXX_LANGUAGE_STANDARD = "gnu++0x";
				CLANG_CXX_LIBRARY = "libc++";
				CLANG_ENABLE_MODULES = YES;
				CLANG_ENABLE_OBJC_ARC = YES;
				CLANG_WARN_BOOL_CONVERSION = YES;
				CLANG_WARN_CONSTANT_CONVERSION = YES;
				CLANG_WARN_DIRECT_OBJC_ISA_USAGE = YES_ERROR;
				CLANG_WARN_EMPTY_BODY = YES;
				CLANG_WARN_ENUM_CONVERSION = YES;
				CLANG_WARN_INT_CONVERSION = YES;
				CLANG_WARN_OBJC_ROOT_CLASS = YES_ERROR;
				CLANG_WARN_UNREACHABLE_CODE = YES;
				CLANG_WARN__DUPLICATE_METHOD_MATCH = YES;
				"CODE_SIGN_IDENTITY[sdk=iphoneos*]" = "iPhone Developer";
				COPY_PHASE_STRIP = YES;
				ENABLE_NS_ASSERTIONS = NO;
				ENABLE_STRICT_OBJC_MSGSEND = YES;
				GCC_C_LANGUAGE_STANDARD = gnu99;
				GCC_WARN_64_TO_32_BIT_CONVERSION = YES;
				GCC_WARN_ABOUT_RETURN_TYPE = YES_ERROR;
				GCC_WARN_UNDECLARED_SELECTOR = YES;
				GCC_WARN_UNINITIALIZED_AUTOS = YES_AGGRESSIVE;
				GCC_WARN_UNUSED_FUNCTION = YES;
				GCC_WARN_UNUSED_VARIABLE = YES;
				IPHONEOS_DEPLOYMENT_TARGET = 8.1;
				MTL_ENABLE_DEBUG_INFO = NO;
				SDKROOT = iphoneos;
				TARGETED_DEVICE_FAMILY = "1,2";
				VALIDATE_PRODUCT = YES;
			};
			name = Release;
		};
		C538625E1A89536800A00FD7 /* Debug */ = {
			isa = XCBuildConfiguration;
			buildSettings = {
				ASSETCATALOG_COMPILER_APPICON_NAME = AppIcon;
				INFOPLIST_FILE = MemoryGame/Info.plist;
				LD_RUNPATH_SEARCH_PATHS = "$(inherited) @executable_path/Frameworks";
				PRODUCT_NAME = "$(TARGET_NAME)";
				TARGETED_DEVICE_FAMILY = 1;
			};
			name = Debug;
		};
		C538625F1A89536800A00FD7 /* Release */ = {
			isa = XCBuildConfiguration;
			buildSettings = {
				ASSETCATALOG_COMPILER_APPICON_NAME = AppIcon;
				INFOPLIST_FILE = MemoryGame/Info.plist;
				LD_RUNPATH_SEARCH_PATHS = "$(inherited) @executable_path/Frameworks";
				PRODUCT_NAME = "$(TARGET_NAME)";
				TARGETED_DEVICE_FAMILY = 1;
			};
			name = Release;
		};
		C53862611A89536800A00FD7 /* Debug */ = {
			isa = XCBuildConfiguration;
			buildSettings = {
				BUNDLE_LOADER = "$(TEST_HOST)";
				FRAMEWORK_SEARCH_PATHS = (
					"$(SDKROOT)/Developer/Library/Frameworks",
					"$(inherited)",
				);
				GCC_PREPROCESSOR_DEFINITIONS = (
					"DEBUG=1",
					"$(inherited)",
				);
				INFOPLIST_FILE = MemoryGameTests/Info.plist;
				LD_RUNPATH_SEARCH_PATHS = "$(inherited) @executable_path/Frameworks @loader_path/Frameworks";
				PRODUCT_NAME = "$(TARGET_NAME)";
				TEST_HOST = "$(BUILT_PRODUCTS_DIR)/MemoryGame.app/MemoryGame";
			};
			name = Debug;
		};
		C53862621A89536800A00FD7 /* Release */ = {
			isa = XCBuildConfiguration;
			buildSettings = {
				BUNDLE_LOADER = "$(TEST_HOST)";
				FRAMEWORK_SEARCH_PATHS = (
					"$(SDKROOT)/Developer/Library/Frameworks",
					"$(inherited)",
				);
				INFOPLIST_FILE = MemoryGameTests/Info.plist;
				LD_RUNPATH_SEARCH_PATHS = "$(inherited) @executable_path/Frameworks @loader_path/Frameworks";
				PRODUCT_NAME = "$(TARGET_NAME)";
				TEST_HOST = "$(BUILT_PRODUCTS_DIR)/MemoryGame.app/MemoryGame";
			};
			name = Release;
		};
/* End XCBuildConfiguration section */

/* Begin XCConfigurationList section */
		C53862351A89536800A00FD7 /* Build configuration list for PBXProject "MemoryGame" */ = {
			isa = XCConfigurationList;
			buildConfigurations = (
				C538625B1A89536800A00FD7 /* Debug */,
				C538625C1A89536800A00FD7 /* Release */,
			);
			defaultConfigurationIsVisible = 0;
			defaultConfigurationName = Release;
		};
		C538625D1A89536800A00FD7 /* Build configuration list for PBXNativeTarget "MemoryGame" */ = {
			isa = XCConfigurationList;
			buildConfigurations = (
				C538625E1A89536800A00FD7 /* Debug */,
				C538625F1A89536800A00FD7 /* Release */,
			);
			defaultConfigurationIsVisible = 0;
			defaultConfigurationName = Release;
		};
		C53862601A89536800A00FD7 /* Build configuration list for PBXNativeTarget "MemoryGameTests" */ = {
			isa = XCConfigurationList;
			buildConfigurations = (
				C53862611A89536800A00FD7 /* Debug */,
				C53862621A89536800A00FD7 /* Release */,
			);
			defaultConfigurationIsVisible = 0;
			defaultConfigurationName = Release;
		};
/* End XCConfigurationList section */
	};
	rootObject = C53862321A89536800A00FD7 /* Project object */;
}
